
Microsoft Visual Studio Solution File, Format Version 12.00
# Visual Studio Version 16
VisualStudioVersion = 16.0.32901.82
MinimumVisualStudioVersion = 10.0.40219.1
Project("{9A19103F-16F7-4668-BE54-9A1E7A4F7556}") = "GamePause", "GamePause\GamePause.csproj", "{90863FD3-2346-4ECD-B5D8-8F03B6640BA2}"
EndProject
Project("{FAE04EC0-301F-11D3-BF4B-00C04F79EFBC}") = "GamePause.DataAccess", "GamePause.DataAccess\GamePause.DataAccess.csproj", "{A0EECF84-3C38-4B05-99C2-166A37690648}"
EndProject
Project("{FAE04EC0-301F-11D3-BF4B-00C04F79EFBC}") = "GamePause.Models", "GamePause.Models\GamePause.Models.csproj", "{3169C314-7CA5-476B-AD2B-80F793E9112B}"
EndProject
Project("{FAE04EC0-301F-11D3-BF4B-00C04F79EFBC}") = "GamePause.Utility", "GamePause.Utility\GamePause.Utility.csproj", "{D8E9F972-1E90-4056-B9DC-35823299510E}"
EndProject
Global
	GlobalSection(SolutionConfigurationPlatforms) = preSolution
		Debug|Any CPU = Debug|Any CPU
		Release|Any CPU = Release|Any CPU
	EndGlobalSection
	GlobalSection(ProjectConfigurationPlatforms) = postSolution
		{90863FD3-2346-4ECD-B5D8-8F03B6640BA2}.Debug|Any CPU.ActiveCfg = Debug|Any CPU
		{90863FD3-2346-4ECD-B5D8-8F03B6640BA2}.Debug|Any CPU.Build.0 = Debug|Any CPU
		{90863FD3-2346-4ECD-B5D8-8F03B6640BA2}.Release|Any CPU.ActiveCfg = Release|Any CPU
		{90863FD3-2346-4ECD-B5D8-8F03B6640BA2}.Release|Any CPU.Build.0 = Release|Any CPU
		{A0EECF84-3C38-4B05-99C2-166A37690648}.Debug|Any CPU.ActiveCfg = Debug|Any CPU
		{A0EECF84-3C38-4B05-99C2-166A37690648}.Debug|Any CPU.Build.0 = Debug|Any CPU
		{A0EECF84-3C38-4B05-99C2-166A37690648}.Release|Any CPU.ActiveCfg = Release|Any CPU
		{A0EECF84-3C38-4B05-99C2-166A37690648}.Release|Any CPU.Build.0 = Release|Any CPU
		{3169C314-7CA5-476B-AD2B-80F793E9112B}.Debug|Any CPU.ActiveCfg = Debug|Any CPU
		{3169C314-7CA5-476B-AD2B-80F793E9112B}.Debug|Any CPU.Build.0 = Debug|Any CPU
		{3169C314-7CA5-476B-AD2B-80F793E9112B}.Release|Any CPU.ActiveCfg = Release|Any CPU
		{3169C314-7CA5-476B-AD2B-80F793E9112B}.Release|Any CPU.Build.0 = Release|Any CPU
		{D8E9F972-1E90-4056-B9DC-35823299510E}.Debug|Any CPU.ActiveCfg = Debug|Any CPU
		{D8E9F972-1E90-4056-B9DC-35823299510E}.Debug|Any CPU.Build.0 = Debug|Any CPU
		{D8E9F972-1E90-4056-B9DC-35823299510E}.Release|Any CPU.ActiveCfg = Release|Any CPU
		{D8E9F972-1E90-4056-B9DC-35823299510E}.Release|Any CPU.Build.0 = Release|Any CPU
	EndGlobalSection
	GlobalSection(SolutionProperties) = preSolution
		HideSolutionNode = FALSE
	EndGlobalSection
	GlobalSection(ExtensibilityGlobals) = postSolution
		SolutionGuid = {C54B8CD4-8A58-48D9-8664-511804D62D25}
	EndGlobalSection
EndGlobal
